
Microsoft Visual Studio Solution File, Format Version 12.00
# Visual Studio 15
VisualStudioVersion = 15.0.28307.489
MinimumVisualStudioVersion = 10.0.40219.1
Project("{FAE04EC0-301F-11D3-BF4B-00C04F79EFBC}") = "CustomerRegistration.Domain", "CustomerRegistration.Domain\CustomerRegistration.Domain.csproj", "{81A1FAF2-F37C-41E6-994C-6A175D1BC0AF}"
EndProject
Project("{FAE04EC0-301F-11D3-BF4B-00C04F79EFBC}") = "CustomerRegistration.Infrastructure", "CustomerRegistration.Infrastructure\CustomerRegistration.Infrastructure.csproj", "{D8BE47EB-F5C9-4DD8-8A96-EDDC4F46F2BC}"
EndProject
Project("{FAE04EC0-301F-11D3-BF4B-00C04F79EFBC}") = "CustomerRegistration.Api", "CustomerRegistration.Api\CustomerRegistration.Api.csproj", "{B0ED263C-0925-420D-B410-2C9C0EDE5F81}"
EndProject
Project("{FAE04EC0-301F-11D3-BF4B-00C04F79EFBC}") = "CustomerRegistration.Mvc", "CustomerRegistration.Mvc\CustomerRegistration.Mvc.csproj", "{42BAFDF8-84E7-47F3-B3A1-9AC8DE2EAE95}"
EndProject
Global
	GlobalSection(SolutionConfigurationPlatforms) = preSolution
		Debug|Any CPU = Debug|Any CPU
		Release|Any CPU = Release|Any CPU
	EndGlobalSection
	GlobalSection(ProjectConfigurationPlatforms) = postSolution
		{81A1FAF2-F37C-41E6-994C-6A175D1BC0AF}.Debug|Any CPU.ActiveCfg = Debug|Any CPU
		{81A1FAF2-F37C-41E6-994C-6A175D1BC0AF}.Debug|Any CPU.Build.0 = Debug|Any CPU
		{81A1FAF2-F37C-41E6-994C-6A175D1BC0AF}.Release|Any CPU.ActiveCfg = Release|Any CPU
		{81A1FAF2-F37C-41E6-994C-6A175D1BC0AF}.Release|Any CPU.Build.0 = Release|Any CPU
		{D8BE47EB-F5C9-4DD8-8A96-EDDC4F46F2BC}.Debug|Any CPU.ActiveCfg = Debug|Any CPU
		{D8BE47EB-F5C9-4DD8-8A96-EDDC4F46F2BC}.Debug|Any CPU.Build.0 = Debug|Any CPU
		{D8BE47EB-F5C9-4DD8-8A96-EDDC4F46F2BC}.Release|Any CPU.ActiveCfg = Release|Any CPU
		{D8BE47EB-F5C9-4DD8-8A96-EDDC4F46F2BC}.Release|Any CPU.Build.0 = Release|Any CPU
		{B0ED263C-0925-420D-B410-2C9C0EDE5F81}.Debug|Any CPU.ActiveCfg = Debug|Any CPU
		{B0ED263C-0925-420D-B410-2C9C0EDE5F81}.Debug|Any CPU.Build.0 = Debug|Any CPU
		{B0ED263C-0925-420D-B410-2C9C0EDE5F81}.Release|Any CPU.ActiveCfg = Release|Any CPU
		{B0ED263C-0925-420D-B410-2C9C0EDE5F81}.Release|Any CPU.Build.0 = Release|Any CPU
		{42BAFDF8-84E7-47F3-B3A1-9AC8DE2EAE95}.Debug|Any CPU.ActiveCfg = Debug|Any CPU
		{42BAFDF8-84E7-47F3-B3A1-9AC8DE2EAE95}.Debug|Any CPU.Build.0 = Debug|Any CPU
		{42BAFDF8-84E7-47F3-B3A1-9AC8DE2EAE95}.Release|Any CPU.ActiveCfg = Release|Any CPU
		{42BAFDF8-84E7-47F3-B3A1-9AC8DE2EAE95}.Release|Any CPU.Build.0 = Release|Any CPU
	EndGlobalSection
	GlobalSection(SolutionProperties) = preSolution
		HideSolutionNode = FALSE
	EndGlobalSection
	GlobalSection(ExtensibilityGlobals) = postSolution
		SolutionGuid = {DAE2C195-EC06-40EE-A4CB-4FC21A1641E2}
	EndGlobalSection
	GlobalSection(TeamFoundationVersionControl) = preSolution
		SccNumberOfProjects = 5
		SccEnterpriseProvider = {4CA58AB2-18FA-4F8D-95D4-32DDF27D184C}
		SccTeamFoundationServer = https://dev.azure.com/daniel28valerio
		SccLocalPath0 = .
		SccProjectUniqueName1 = CustomerRegistration.Api\\CustomerRegistration.Api.csproj
		SccProjectName1 = CustomerRegistration.Api
		SccLocalPath1 = CustomerRegistration.Api
		SccProjectUniqueName2 = CustomerRegistration.Domain\\CustomerRegistration.Domain.csproj
		SccProjectName2 = CustomerRegistration.Domain
		SccLocalPath2 = CustomerRegistration.Domain
		SccProjectUniqueName3 = CustomerRegistration.Infrastructure\\CustomerRegistration.Infrastructure.csproj
		SccProjectName3 = CustomerRegistration.Infrastructure
		SccLocalPath3 = CustomerRegistration.Infrastructure
		SccProjectUniqueName4 = CustomerRegistration.Mvc\\CustomerRegistration.Mvc.csproj
		SccProjectName4 = CustomerRegistration.Mvc
		SccLocalPath4 = CustomerRegistration.Mvc
	EndGlobalSection
EndGlobal
